
Microsoft Visual Studio Solution File, Format Version 12.00
# Visual Studio 2012
Project("{FAE04EC0-301F-11D3-BF4B-00C04F79EFBC}") = "ChangeMaker", "ChangeMaker\ChangeMaker.csproj", "{7C699487-D52C-49AD-B7CD-C5E984AC377A}"
EndProject
Global
	GlobalSection(SolutionConfigurationPlatforms) = preSolution
		Debug|Any CPU = Debug|Any CPU
		Release|Any CPU = Release|Any CPU
	EndGlobalSection
	GlobalSection(ProjectConfigurationPlatforms) = postSolution
		{7C699487-D52C-49AD-B7CD-C5E984AC377A}.Debug|Any CPU.ActiveCfg = Debug|Any CPU
		{7C699487-D52C-49AD-B7CD-C5E984AC377A}.Debug|Any CPU.Build.0 = Debug|Any CPU
		{7C699487-D52C-49AD-B7CD-C5E984AC377A}.Release|Any CPU.ActiveCfg = Release|Any CPU
		{7C699487-D52C-49AD-B7CD-C5E984AC377A}.Release|Any CPU.Build.0 = Release|Any CPU
	EndGlobalSection
	GlobalSection(SolutionProperties) = preSolution
		HideSolutionNode = FALSE
	EndGlobalSection
EndGlobal
